// !$*UTF8*$!
{
	archiveVersion = 1;
	classes = {
	};
	objectVersion = 56;
	objects = {

/* Begin PBXBuildFile section */
		48674CEF2C00E48400533FB5 /* MovieCard.swift in Sources */ = {isa = PBXBuildFile; fileRef = 48674CEE2C00E48400533FB5 /* MovieCard.swift */; };
		48674CF22C00E9C000533FB5 /* MovieModel.swift in Sources */ = {isa = PBXBuildFile; fileRef = 48674CF12C00E9C000533FB5 /* MovieModel.swift */; };
		48674CF52C010D6500533FB5 /* MovieViewModel.swift in Sources */ = {isa = PBXBuildFile; fileRef = 48674CF42C010D6500533FB5 /* MovieViewModel.swift */; };
		48674CF82C010F4A00533FB5 /* MoviesView.swift in Sources */ = {isa = PBXBuildFile; fileRef = 48674CF72C010F4A00533FB5 /* MoviesView.swift */; };
		48674CFA2C01142C00533FB5 /* MovieMocks.swift in Sources */ = {isa = PBXBuildFile; fileRef = 48674CF92C01142C00533FB5 /* MovieMocks.swift */; };
		48B436A42C003D4200B38B03 /* MovieListApp.swift in Sources */ = {isa = PBXBuildFile; fileRef = 48B436A32C003D4200B38B03 /* MovieListApp.swift */; };
		48B436A62C003D4200B38B03 /* ContentView.swift in Sources */ = {isa = PBXBuildFile; fileRef = 48B436A52C003D4200B38B03 /* ContentView.swift */; };
		48B436A82C003D4400B38B03 /* Assets.xcassets in Resources */ = {isa = PBXBuildFile; fileRef = 48B436A72C003D4400B38B03 /* Assets.xcassets */; };
		48B436AC2C003D4400B38B03 /* Preview Assets.xcassets in Resources */ = {isa = PBXBuildFile; fileRef = 48B436AB2C003D4400B38B03 /* Preview Assets.xcassets */; };
		48B436B62C003D4400B38B03 /* MovieListTests.swift in Sources */ = {isa = PBXBuildFile; fileRef = 48B436B52C003D4400B38B03 /* MovieListTests.swift */; };
		48B436C02C003D4400B38B03 /* MovieListUITests.swift in Sources */ = {isa = PBXBuildFile; fileRef = 48B436BF2C003D4400B38B03 /* MovieListUITests.swift */; };
		48B436C22C003D4400B38B03 /* MovieListUITestsLaunchTests.swift in Sources */ = {isa = PBXBuildFile; fileRef = 48B436C12C003D4400B38B03 /* MovieListUITestsLaunchTests.swift */; };
		48B436D02C0069C900B38B03 /* Alamofire in Frameworks */ = {isa = PBXBuildFile; productRef = 48B436CF2C0069C900B38B03 /* Alamofire */; };
		48B436D32C006A6000B38B03 /* SDWebImageSwiftUI in Frameworks */ = {isa = PBXBuildFile; productRef = 48B436D22C006A6000B38B03 /* SDWebImageSwiftUI */; };
		48B436D62C006ADB00B38B03 /* RemoteGateway.swift in Sources */ = {isa = PBXBuildFile; fileRef = 48B436D52C006ADB00B38B03 /* RemoteGateway.swift */; };
		48B436D82C006BCC00B38B03 /* Constants.swift in Sources */ = {isa = PBXBuildFile; fileRef = 48B436D72C006BCC00B38B03 /* Constants.swift */; };
		48B436DA2C00716E00B38B03 /* UseCases.swift in Sources */ = {isa = PBXBuildFile; fileRef = 48B436D92C00716E00B38B03 /* UseCases.swift */; };
/* End PBXBuildFile section */

/* Begin PBXContainerItemProxy section */
		48B436B22C003D4400B38B03 /* PBXContainerItemProxy */ = {
			isa = PBXContainerItemProxy;
			containerPortal = 48B436982C003D4200B38B03 /* Project object */;
			proxyType = 1;
			remoteGlobalIDString = 48B4369F2C003D4200B38B03;
			remoteInfo = MovieList;
		};
		48B436BC2C003D4400B38B03 /* PBXContainerItemProxy */ = {
			isa = PBXContainerItemProxy;
			containerPortal = 48B436982C003D4200B38B03 /* Project object */;
			proxyType = 1;
			remoteGlobalIDString = 48B4369F2C003D4200B38B03;
			remoteInfo = MovieList;
		};
/* End PBXContainerItemProxy section */

/* Begin PBXFileReference section */
		48674CEE2C00E48400533FB5 /* MovieCard.swift */ = {isa = PBXFileReference; lastKnownFileType = sourcecode.swift; path = MovieCard.swift; sourceTree = "<group>"; };
		48674CF12C00E9C000533FB5 /* MovieModel.swift */ = {isa = PBXFileReference; lastKnownFileType = sourcecode.swift; path = MovieModel.swift; sourceTree = "<group>"; };
		48674CF42C010D6500533FB5 /* MovieViewModel.swift */ = {isa = PBXFileReference; lastKnownFileType = sourcecode.swift; path = MovieViewModel.swift; sourceTree = "<group>"; };
		48674CF72C010F4A00533FB5 /* MoviesView.swift */ = {isa = PBXFileReference; lastKnownFileType = sourcecode.swift; path = MoviesView.swift; sourceTree = "<group>"; };
		48674CF92C01142C00533FB5 /* MovieMocks.swift */ = {isa = PBXFileReference; lastKnownFileType = sourcecode.swift; path = MovieMocks.swift; sourceTree = "<group>"; };
		48B436A02C003D4200B38B03 /* MovieList.app */ = {isa = PBXFileReference; explicitFileType = wrapper.application; includeInIndex = 0; path = MovieList.app; sourceTree = BUILT_PRODUCTS_DIR; };
		48B436A32C003D4200B38B03 /* MovieListApp.swift */ = {isa = PBXFileReference; lastKnownFileType = sourcecode.swift; path = MovieListApp.swift; sourceTree = "<group>"; };
		48B436A52C003D4200B38B03 /* ContentView.swift */ = {isa = PBXFileReference; lastKnownFileType = sourcecode.swift; path = ContentView.swift; sourceTree = "<group>"; };
		48B436A72C003D4400B38B03 /* Assets.xcassets */ = {isa = PBXFileReference; lastKnownFileType = folder.assetcatalog; path = Assets.xcassets; sourceTree = "<group>"; };
		48B436A92C003D4400B38B03 /* MovieList.entitlements */ = {isa = PBXFileReference; lastKnownFileType = text.plist.entitlements; path = MovieList.entitlements; sourceTree = "<group>"; };
		48B436AB2C003D4400B38B03 /* Preview Assets.xcassets */ = {isa = PBXFileReference; lastKnownFileType = folder.assetcatalog; path = "Preview Assets.xcassets"; sourceTree = "<group>"; };
		48B436B12C003D4400B38B03 /* MovieListTests.xctest */ = {isa = PBXFileReference; explicitFileType = wrapper.cfbundle; includeInIndex = 0; path = MovieListTests.xctest; sourceTree = BUILT_PRODUCTS_DIR; };
		48B436B52C003D4400B38B03 /* MovieListTests.swift */ = {isa = PBXFileReference; lastKnownFileType = sourcecode.swift; path = MovieListTests.swift; sourceTree = "<group>"; };
		48B436BB2C003D4400B38B03 /* MovieListUITests.xctest */ = {isa = PBXFileReference; explicitFileType = wrapper.cfbundle; includeInIndex = 0; path = MovieListUITests.xctest; sourceTree = BUILT_PRODUCTS_DIR; };
		48B436BF2C003D4400B38B03 /* MovieListUITests.swift */ = {isa = PBXFileReference; lastKnownFileType = sourcecode.swift; path = MovieListUITests.swift; sourceTree = "<group>"; };
		48B436C12C003D4400B38B03 /* MovieListUITestsLaunchTests.swift */ = {isa = PBXFileReference; lastKnownFileType = sourcecode.swift; path = MovieListUITestsLaunchTests.swift; sourceTree = "<group>"; };
		48B436D52C006ADB00B38B03 /* RemoteGateway.swift */ = {isa = PBXFileReference; lastKnownFileType = sourcecode.swift; path = RemoteGateway.swift; sourceTree = "<group>"; };
		48B436D72C006BCC00B38B03 /* Constants.swift */ = {isa = PBXFileReference; lastKnownFileType = sourcecode.swift; path = Constants.swift; sourceTree = "<group>"; };
		48B436D92C00716E00B38B03 /* UseCases.swift */ = {isa = PBXFileReference; lastKnownFileType = sourcecode.swift; path = UseCases.swift; sourceTree = "<group>"; };
/* End PBXFileReference section */

/* Begin PBXFrameworksBuildPhase section */
		48B4369D2C003D4200B38B03 /* Frameworks */ = {
			isa = PBXFrameworksBuildPhase;
			buildActionMask = 2147483647;
			files = (
				48B436D32C006A6000B38B03 /* SDWebImageSwiftUI in Frameworks */,
				48B436D02C0069C900B38B03 /* Alamofire in Frameworks */,
			);
			runOnlyForDeploymentPostprocessing = 0;
		};
		48B436AE2C003D4400B38B03 /* Frameworks */ = {
			isa = PBXFrameworksBuildPhase;
			buildActionMask = 2147483647;
			files = (
			);
			runOnlyForDeploymentPostprocessing = 0;
		};
		48B436B82C003D4400B38B03 /* Frameworks */ = {
			isa = PBXFrameworksBuildPhase;
			buildActionMask = 2147483647;
			files = (
			);
			runOnlyForDeploymentPostprocessing = 0;
		};
/* End PBXFrameworksBuildPhase section */

/* Begin PBXGroup section */
		48674CED2C00E46D00533FB5 /* Cards */ = {
			isa = PBXGroup;
			children = (
				48674CEE2C00E48400533FB5 /* MovieCard.swift */,
			);
			path = Cards;
			sourceTree = "<group>";
		};
		48674CF02C00E9AD00533FB5 /* Model */ = {
			isa = PBXGroup;
			children = (
				48674CF12C00E9C000533FB5 /* MovieModel.swift */,
				48674CF92C01142C00533FB5 /* MovieMocks.swift */,
			);
			path = Model;
			sourceTree = "<group>";
		};
		48674CF32C010D4300533FB5 /* MoviesView */ = {
			isa = PBXGroup;
			children = (
				48674CF62C010F1800533FB5 /* List */,
				48674CED2C00E46D00533FB5 /* Cards */,
				48674CF42C010D6500533FB5 /* MovieViewModel.swift */,
			);
			path = MoviesView;
			sourceTree = "<group>";
		};
		48674CF62C010F1800533FB5 /* List */ = {
			isa = PBXGroup;
			children = (
				48674CF72C010F4A00533FB5 /* MoviesView.swift */,
			);
			path = List;
			sourceTree = "<group>";
		};
		48B436972C003D4200B38B03 = {
			isa = PBXGroup;
			children = (
				48B436A22C003D4200B38B03 /* MovieList */,
				48B436B42C003D4400B38B03 /* MovieListTests */,
				48B436BE2C003D4400B38B03 /* MovieListUITests */,
				48B436A12C003D4200B38B03 /* Products */,
			);
			sourceTree = "<group>";
		};
		48B436A12C003D4200B38B03 /* Products */ = {
			isa = PBXGroup;
			children = (
				48B436A02C003D4200B38B03 /* MovieList.app */,
				48B436B12C003D4400B38B03 /* MovieListTests.xctest */,
				48B436BB2C003D4400B38B03 /* MovieListUITests.xctest */,
			);
			name = Products;
			sourceTree = "<group>";
		};
		48B436A22C003D4200B38B03 /* MovieList */ = {
			isa = PBXGroup;
			children = (
				48674CF32C010D4300533FB5 /* MoviesView */,
				48674CF02C00E9AD00533FB5 /* Model */,
				48B436D42C006ACC00B38B03 /* Gateway */,
				48B436A32C003D4200B38B03 /* MovieListApp.swift */,
				48B436A52C003D4200B38B03 /* ContentView.swift */,
				48B436A72C003D4400B38B03 /* Assets.xcassets */,
				48B436A92C003D4400B38B03 /* MovieList.entitlements */,
				48B436AA2C003D4400B38B03 /* Preview Content */,
				48B436D72C006BCC00B38B03 /* Constants.swift */,
			);
			path = MovieList;
			sourceTree = "<group>";
		};
		48B436AA2C003D4400B38B03 /* Preview Content */ = {
			isa = PBXGroup;
			children = (
				48B436AB2C003D4400B38B03 /* Preview Assets.xcassets */,
			);
			path = "Preview Content";
			sourceTree = "<group>";
		};
		48B436B42C003D4400B38B03 /* MovieListTests */ = {
			isa = PBXGroup;
			children = (
				48B436B52C003D4400B38B03 /* MovieListTests.swift */,
			);
			path = MovieListTests;
			sourceTree = "<group>";
		};
		48B436BE2C003D4400B38B03 /* MovieListUITests */ = {
			isa = PBXGroup;
			children = (
				48B436BF2C003D4400B38B03 /* MovieListUITests.swift */,
				48B436C12C003D4400B38B03 /* MovieListUITestsLaunchTests.swift */,
			);
			path = MovieListUITests;
			sourceTree = "<group>";
		};
		48B436D42C006ACC00B38B03 /* Gateway */ = {
			isa = PBXGroup;
			children = (
				48B436D52C006ADB00B38B03 /* RemoteGateway.swift */,
				48B436D92C00716E00B38B03 /* UseCases.swift */,
			);
			path = Gateway;
			sourceTree = "<group>";
		};
/* End PBXGroup section */

/* Begin PBXNativeTarget section */
		48B4369F2C003D4200B38B03 /* MovieList */ = {
			isa = PBXNativeTarget;
			buildConfigurationList = 48B436C52C003D4400B38B03 /* Build configuration list for PBXNativeTarget "MovieList" */;
			buildPhases = (
				48B4369C2C003D4200B38B03 /* Sources */,
				48B4369D2C003D4200B38B03 /* Frameworks */,
				48B4369E2C003D4200B38B03 /* Resources */,
			);
			buildRules = (
			);
			dependencies = (
			);
			name = MovieList;
			packageProductDependencies = (
				48B436CF2C0069C900B38B03 /* Alamofire */,
				48B436D22C006A6000B38B03 /* SDWebImageSwiftUI */,
			);
			productName = MovieList;
			productReference = 48B436A02C003D4200B38B03 /* MovieList.app */;
			productType = "com.apple.product-type.application";
		};
		48B436B02C003D4400B38B03 /* MovieListTests */ = {
			isa = PBXNativeTarget;
			buildConfigurationList = 48B436C82C003D4400B38B03 /* Build configuration list for PBXNativeTarget "MovieListTests" */;
			buildPhases = (
				48B436AD2C003D4400B38B03 /* Sources */,
				48B436AE2C003D4400B38B03 /* Frameworks */,
				48B436AF2C003D4400B38B03 /* Resources */,
			);
			buildRules = (
			);
			dependencies = (
				48B436B32C003D4400B38B03 /* PBXTargetDependency */,
			);
			name = MovieListTests;
			productName = MovieListTests;
			productReference = 48B436B12C003D4400B38B03 /* MovieListTests.xctest */;
			productType = "com.apple.product-type.bundle.unit-test";
		};
		48B436BA2C003D4400B38B03 /* MovieListUITests */ = {
			isa = PBXNativeTarget;
			buildConfigurationList = 48B436CB2C003D4400B38B03 /* Build configuration list for PBXNativeTarget "MovieListUITests" */;
			buildPhases = (
				48B436B72C003D4400B38B03 /* Sources */,
				48B436B82C003D4400B38B03 /* Frameworks */,
				48B436B92C003D4400B38B03 /* Resources */,
			);
			buildRules = (
			);
			dependencies = (
				48B436BD2C003D4400B38B03 /* PBXTargetDependency */,
			);
			name = MovieListUITests;
			productName = MovieListUITests;
			productReference = 48B436BB2C003D4400B38B03 /* MovieListUITests.xctest */;
			productType = "com.apple.product-type.bundle.ui-testing";
		};
/* End PBXNativeTarget section */

/* Begin PBXProject section */
		48B436982C003D4200B38B03 /* Project object */ = {
			isa = PBXProject;
			attributes = {
				BuildIndependentTargetsInParallel = 1;
				LastSwiftUpdateCheck = 1540;
				LastUpgradeCheck = 1540;
				TargetAttributes = {
					48B4369F2C003D4200B38B03 = {
						CreatedOnToolsVersion = 15.4;
					};
					48B436B02C003D4400B38B03 = {
						CreatedOnToolsVersion = 15.4;
						TestTargetID = 48B4369F2C003D4200B38B03;
					};
					48B436BA2C003D4400B38B03 = {
						CreatedOnToolsVersion = 15.4;
						TestTargetID = 48B4369F2C003D4200B38B03;
					};
				};
			};
			buildConfigurationList = 48B4369B2C003D4200B38B03 /* Build configuration list for PBXProject "MovieList" */;
			compatibilityVersion = "Xcode 14.0";
			developmentRegion = en;
			hasScannedForEncodings = 0;
			knownRegions = (
				en,
				Base,
			);
			mainGroup = 48B436972C003D4200B38B03;
			packageReferences = (
				48B436CE2C0069C900B38B03 /* XCRemoteSwiftPackageReference "Alamofire" */,
				48B436D12C006A6000B38B03 /* XCRemoteSwiftPackageReference "SDWebImageSwiftUI" */,
			);
			productRefGroup = 48B436A12C003D4200B38B03 /* Products */;
			projectDirPath = "";
			projectRoot = "";
			targets = (
				48B4369F2C003D4200B38B03 /* MovieList */,
				48B436B02C003D4400B38B03 /* MovieListTests */,
				48B436BA2C003D4400B38B03 /* MovieListUITests */,
			);
		};
/* End PBXProject section */

/* Begin PBXResourcesBuildPhase section */
		48B4369E2C003D4200B38B03 /* Resources */ = {
			isa = PBXResourcesBuildPhase;
			buildActionMask = 2147483647;
			files = (
				48B436AC2C003D4400B38B03 /* Preview Assets.xcassets in Resources */,
				48B436A82C003D4400B38B03 /* Assets.xcassets in Resources */,
			);
			runOnlyForDeploymentPostprocessing = 0;
		};
		48B436AF2C003D4400B38B03 /* Resources */ = {
			isa = PBXResourcesBuildPhase;
			buildActionMask = 2147483647;
			files = (
			);
			runOnlyForDeploymentPostprocessing = 0;
		};
		48B436B92C003D4400B38B03 /* Resources */ = {
			isa = PBXResourcesBuildPhase;
			buildActionMask = 2147483647;
			files = (
			);
			runOnlyForDeploymentPostprocessing = 0;
		};
/* End PBXResourcesBuildPhase section */

/* Begin PBXSourcesBuildPhase section */
		48B4369C2C003D4200B38B03 /* Sources */ = {
			isa = PBXSourcesBuildPhase;
			buildActionMask = 2147483647;
			files = (
				48674CF22C00E9C000533FB5 /* MovieModel.swift in Sources */,
				48B436D62C006ADB00B38B03 /* RemoteGateway.swift in Sources */,
				48B436A62C003D4200B38B03 /* ContentView.swift in Sources */,
				48674CF52C010D6500533FB5 /* MovieViewModel.swift in Sources */,
				48674CFA2C01142C00533FB5 /* MovieMocks.swift in Sources */,
				48674CEF2C00E48400533FB5 /* MovieCard.swift in Sources */,
				48B436DA2C00716E00B38B03 /* UseCases.swift in Sources */,
				48B436A42C003D4200B38B03 /* MovieListApp.swift in Sources */,
				48674CF82C010F4A00533FB5 /* MoviesView.swift in Sources */,
				48B436D82C006BCC00B38B03 /* Constants.swift in Sources */,
			);
			runOnlyForDeploymentPostprocessing = 0;
		};
		48B436AD2C003D4400B38B03 /* Sources */ = {
			isa = PBXSourcesBuildPhase;
			buildActionMask = 2147483647;
			files = (
				48B436B62C003D4400B38B03 /* MovieListTests.swift in Sources */,
			);
			runOnlyForDeploymentPostprocessing = 0;
		};
		48B436B72C003D4400B38B03 /* Sources */ = {
			isa = PBXSourcesBuildPhase;
			buildActionMask = 2147483647;
			files = (
				48B436C02C003D4400B38B03 /* MovieListUITests.swift in Sources */,
				48B436C22C003D4400B38B03 /* MovieListUITestsLaunchTests.swift in Sources */,
			);
			runOnlyForDeploymentPostprocessing = 0;
		};
/* End PBXSourcesBuildPhase section */

/* Begin PBXTargetDependency section */
		48B436B32C003D4400B38B03 /* PBXTargetDependency */ = {
			isa = PBXTargetDependency;
			target = 48B4369F2C003D4200B38B03 /* MovieList */;
			targetProxy = 48B436B22C003D4400B38B03 /* PBXContainerItemProxy */;
		};
		48B436BD2C003D4400B38B03 /* PBXTargetDependency */ = {
			isa = PBXTargetDependency;
			target = 48B4369F2C003D4200B38B03 /* MovieList */;
			targetProxy = 48B436BC2C003D4400B38B03 /* PBXContainerItemProxy */;
		};
/* End PBXTargetDependency section */

/* Begin XCBuildConfiguration section */
		48B436C32C003D4400B38B03 /* Debug */ = {
			isa = XCBuildConfiguration;
			buildSettings = {
				ALWAYS_SEARCH_USER_PATHS = NO;
				ASSETCATALOG_COMPILER_GENERATE_SWIFT_ASSET_SYMBOL_EXTENSIONS = YES;
				CLANG_ANALYZER_NONNULL = YES;
				CLANG_ANALYZER_NUMBER_OBJECT_CONVERSION = YES_AGGRESSIVE;
				CLANG_CXX_LANGUAGE_STANDARD = "gnu++20";
				CLANG_ENABLE_MODULES = YES;
				CLANG_ENABLE_OBJC_ARC = YES;
				CLANG_ENABLE_OBJC_WEAK = YES;
				CLANG_WARN_BLOCK_CAPTURE_AUTORELEASING = YES;
				CLANG_WARN_BOOL_CONVERSION = YES;
				CLANG_WARN_COMMA = YES;
				CLANG_WARN_CONSTANT_CONVERSION = YES;
				CLANG_WARN_DEPRECATED_OBJC_IMPLEMENTATIONS = YES;
				CLANG_WARN_DIRECT_OBJC_ISA_USAGE = YES_ERROR;
				CLANG_WARN_DOCUMENTATION_COMMENTS = YES;
				CLANG_WARN_EMPTY_BODY = YES;
				CLANG_WARN_ENUM_CONVERSION = YES;
				CLANG_WARN_INFINITE_RECURSION = YES;
				CLANG_WARN_INT_CONVERSION = YES;
				CLANG_WARN_NON_LITERAL_NULL_CONVERSION = YES;
				CLANG_WARN_OBJC_IMPLICIT_RETAIN_SELF = YES;
				CLANG_WARN_OBJC_LITERAL_CONVERSION = YES;
				CLANG_WARN_OBJC_ROOT_CLASS = YES_ERROR;
				CLANG_WARN_QUOTED_INCLUDE_IN_FRAMEWORK_HEADER = YES;
				CLANG_WARN_RANGE_LOOP_ANALYSIS = YES;
				CLANG_WARN_STRICT_PROTOTYPES = YES;
				CLANG_WARN_SUSPICIOUS_MOVE = YES;
				CLANG_WARN_UNGUARDED_AVAILABILITY = YES_AGGRESSIVE;
				CLANG_WARN_UNREACHABLE_CODE = YES;
				CLANG_WARN__DUPLICATE_METHOD_MATCH = YES;
				COPY_PHASE_STRIP = NO;
				DEBUG_INFORMATION_FORMAT = dwarf;
				ENABLE_STRICT_OBJC_MSGSEND = YES;
				ENABLE_TESTABILITY = YES;
				ENABLE_USER_SCRIPT_SANDBOXING = YES;
				GCC_C_LANGUAGE_STANDARD = gnu17;
				GCC_DYNAMIC_NO_PIC = NO;
				GCC_NO_COMMON_BLOCKS = YES;
				GCC_OPTIMIZATION_LEVEL = 0;
				GCC_PREPROCESSOR_DEFINITIONS = (
					"DEBUG=1",
					"$(inherited)",
				);
				GCC_WARN_64_TO_32_BIT_CONVERSION = YES;
				GCC_WARN_ABOUT_RETURN_TYPE = YES_ERROR;
				GCC_WARN_UNDECLARED_SELECTOR = YES;
				GCC_WARN_UNINITIALIZED_AUTOS = YES_AGGRESSIVE;
				GCC_WARN_UNUSED_FUNCTION = YES;
				GCC_WARN_UNUSED_VARIABLE = YES;
				LOCALIZATION_PREFERS_STRING_CATALOGS = YES;
				MTL_ENABLE_DEBUG_INFO = INCLUDE_SOURCE;
				MTL_FAST_MATH = YES;
				ONLY_ACTIVE_ARCH = YES;
				SWIFT_ACTIVE_COMPILATION_CONDITIONS = "DEBUG $(inherited)";
				SWIFT_OPTIMIZATION_LEVEL = "-Onone";
			};
			name = Debug;
		};
		48B436C42C003D4400B38B03 /* Release */ = {
			isa = XCBuildConfiguration;
			buildSettings = {
				ALWAYS_SEARCH_USER_PATHS = NO;
				ASSETCATALOG_COMPILER_GENERATE_SWIFT_ASSET_SYMBOL_EXTENSIONS = YES;
				CLANG_ANALYZER_NONNULL = YES;
				CLANG_ANALYZER_NUMBER_OBJECT_CONVERSION = YES_AGGRESSIVE;
				CLANG_CXX_LANGUAGE_STANDARD = "gnu++20";
				CLANG_ENABLE_MODULES = YES;
				CLANG_ENABLE_OBJC_ARC = YES;
				CLANG_ENABLE_OBJC_WEAK = YES;
				CLANG_WARN_BLOCK_CAPTURE_AUTORELEASING = YES;
				CLANG_WARN_BOOL_CONVERSION = YES;
				CLANG_WARN_COMMA = YES;
				CLANG_WARN_CONSTANT_CONVERSION = YES;
				CLANG_WARN_DEPRECATED_OBJC_IMPLEMENTATIONS = YES;
				CLANG_WARN_DIRECT_OBJC_ISA_USAGE = YES_ERROR;
				CLANG_WARN_DOCUMENTATION_COMMENTS = YES;
				CLANG_WARN_EMPTY_BODY = YES;
				CLANG_WARN_ENUM_CONVERSION = YES;
				CLANG_WARN_INFINITE_RECURSION = YES;
				CLANG_WARN_INT_CONVERSION = YES;
				CLANG_WARN_NON_LITERAL_NULL_CONVERSION = YES;
				CLANG_WARN_OBJC_IMPLICIT_RETAIN_SELF = YES;
				CLANG_WARN_OBJC_LITERAL_CONVERSION = YES;
				CLANG_WARN_OBJC_ROOT_CLASS = YES_ERROR;
				CLANG_WARN_QUOTED_INCLUDE_IN_FRAMEWORK_HEADER = YES;
				CLANG_WARN_RANGE_LOOP_ANALYSIS = YES;
				CLANG_WARN_STRICT_PROTOTYPES = YES;
				CLANG_WARN_SUSPICIOUS_MOVE = YES;
				CLANG_WARN_UNGUARDED_AVAILABILITY = YES_AGGRESSIVE;
				CLANG_WARN_UNREACHABLE_CODE = YES;
				CLANG_WARN__DUPLICATE_METHOD_MATCH = YES;
				COPY_PHASE_STRIP = NO;
				DEBUG_INFORMATION_FORMAT = "dwarf-with-dsym";
				ENABLE_NS_ASSERTIONS = NO;
				ENABLE_STRICT_OBJC_MSGSEND = YES;
				ENABLE_USER_SCRIPT_SANDBOXING = YES;
				GCC_C_LANGUAGE_STANDARD = gnu17;
				GCC_NO_COMMON_BLOCKS = YES;
				GCC_WARN_64_TO_32_BIT_CONVERSION = YES;
				GCC_WARN_ABOUT_RETURN_TYPE = YES_ERROR;
				GCC_WARN_UNDECLARED_SELECTOR = YES;
				GCC_WARN_UNINITIALIZED_AUTOS = YES_AGGRESSIVE;
				GCC_WARN_UNUSED_FUNCTION = YES;
				GCC_WARN_UNUSED_VARIABLE = YES;
				LOCALIZATION_PREFERS_STRING_CATALOGS = YES;
				MTL_ENABLE_DEBUG_INFO = NO;
				MTL_FAST_MATH = YES;
				SWIFT_COMPILATION_MODE = wholemodule;
			};
			name = Release;
		};
		48B436C62C003D4400B38B03 /* Debug */ = {
			isa = XCBuildConfiguration;
			buildSettings = {
				ASSETCATALOG_COMPILER_APPICON_NAME = AppIcon;
				ASSETCATALOG_COMPILER_GLOBAL_ACCENT_COLOR_NAME = AccentColor;
				CODE_SIGN_ENTITLEMENTS = MovieList/MovieList.entitlements;
				CODE_SIGN_STYLE = Automatic;
				CURRENT_PROJECT_VERSION = 1;
				DEVELOPMENT_ASSET_PATHS = "\"MovieList/Preview Content\"";
				ENABLE_PREVIEWS = YES;
				GENERATE_INFOPLIST_FILE = YES;
				"INFOPLIST_KEY_UIApplicationSceneManifest_Generation[sdk=iphoneos*]" = YES;
				"INFOPLIST_KEY_UIApplicationSceneManifest_Generation[sdk=iphonesimulator*]" = YES;
				"INFOPLIST_KEY_UIApplicationSupportsIndirectInputEvents[sdk=iphoneos*]" = YES;
				"INFOPLIST_KEY_UIApplicationSupportsIndirectInputEvents[sdk=iphonesimulator*]" = YES;
				"INFOPLIST_KEY_UILaunchScreen_Generation[sdk=iphoneos*]" = YES;
				"INFOPLIST_KEY_UILaunchScreen_Generation[sdk=iphonesimulator*]" = YES;
				"INFOPLIST_KEY_UIStatusBarStyle[sdk=iphoneos*]" = UIStatusBarStyleDefault;
				"INFOPLIST_KEY_UIStatusBarStyle[sdk=iphonesimulator*]" = UIStatusBarStyleDefault;
				INFOPLIST_KEY_UISupportedInterfaceOrientations_iPad = "UIInterfaceOrientationPortrait UIInterfaceOrientationPortraitUpsideDown UIInterfaceOrientationLandscapeLeft UIInterfaceOrientationLandscapeRight";
				INFOPLIST_KEY_UISupportedInterfaceOrientations_iPhone = "UIInterfaceOrientationPortrait UIInterfaceOrientationLandscapeLeft UIInterfaceOrientationLandscapeRight";
				IPHONEOS_DEPLOYMENT_TARGET = 14.0;
				LD_RUNPATH_SEARCH_PATHS = "@executable_path/Frameworks";
				"LD_RUNPATH_SEARCH_PATHS[sdk=macosx*]" = "@executable_path/../Frameworks";
				MACOSX_DEPLOYMENT_TARGET = 14.4;
				MARKETING_VERSION = 1.0;
				PRODUCT_BUNDLE_IDENTIFIER = com.jass.MovieList;
				PRODUCT_NAME = "$(TARGET_NAME)";
				SDKROOT = auto;
				SUPPORTED_PLATFORMS = "iphoneos iphonesimulator macosx";
				SWIFT_EMIT_LOC_STRINGS = YES;
				SWIFT_VERSION = 5.0;
				TARGETED_DEVICE_FAMILY = "1,2";
			};
			name = Debug;
		};
		48B436C72C003D4400B38B03 /* Release */ = {
			isa = XCBuildConfiguration;
			buildSettings = {
				ASSETCATALOG_COMPILER_APPICON_NAME = AppIcon;
				ASSETCATALOG_COMPILER_GLOBAL_ACCENT_COLOR_NAME = AccentColor;
				CODE_SIGN_ENTITLEMENTS = MovieList/MovieList.entitlements;
				CODE_SIGN_STYLE = Automatic;
				CURRENT_PROJECT_VERSION = 1;
				DEVELOPMENT_ASSET_PATHS = "\"MovieList/Preview Content\"";
				ENABLE_PREVIEWS = YES;
				GENERATE_INFOPLIST_FILE = YES;
				"INFOPLIST_KEY_UIApplicationSceneManifest_Generation[sdk=iphoneos*]" = YES;
				"INFOPLIST_KEY_UIApplicationSceneManifest_Generation[sdk=iphonesimulator*]" = YES;
				"INFOPLIST_KEY_UIApplicationSupportsIndirectInputEvents[sdk=iphoneos*]" = YES;
				"INFOPLIST_KEY_UIApplicationSupportsIndirectInputEvents[sdk=iphonesimulator*]" = YES;
				"INFOPLIST_KEY_UILaunchScreen_Generation[sdk=iphoneos*]" = YES;
				"INFOPLIST_KEY_UILaunchScreen_Generation[sdk=iphonesimulator*]" = YES;
				"INFOPLIST_KEY_UIStatusBarStyle[sdk=iphoneos*]" = UIStatusBarStyleDefault;
				"INFOPLIST_KEY_UIStatusBarStyle[sdk=iphonesimulator*]" = UIStatusBarStyleDefault;
				INFOPLIST_KEY_UISupportedInterfaceOrientations_iPad = "UIInterfaceOrientationPortrait UIInterfaceOrientationPortraitUpsideDown UIInterfaceOrientationLandscapeLeft UIInterfaceOrientationLandscapeRight";
				INFOPLIST_KEY_UISupportedInterfaceOrientations_iPhone = "UIInterfaceOrientationPortrait UIInterfaceOrientationLandscapeLeft UIInterfaceOrientationLandscapeRight";
				IPHONEOS_DEPLOYMENT_TARGET = 14.0;
				LD_RUNPATH_SEARCH_PATHS = "@executable_path/Frameworks";
				"LD_RUNPATH_SEARCH_PATHS[sdk=macosx*]" = "@executable_path/../Frameworks";
				MACOSX_DEPLOYMENT_TARGET = 14.4;
				MARKETING_VERSION = 1.0;
				PRODUCT_BUNDLE_IDENTIFIER = com.jass.MovieList;
				PRODUCT_NAME = "$(TARGET_NAME)";
				SDKROOT = auto;
				SUPPORTED_PLATFORMS = "iphoneos iphonesimulator macosx";
				SWIFT_EMIT_LOC_STRINGS = YES;
				SWIFT_VERSION = 5.0;
				TARGETED_DEVICE_FAMILY = "1,2";
			};
			name = Release;
		};
		48B436C92C003D4400B38B03 /* Debug */ = {
			isa = XCBuildConfiguration;
			buildSettings = {
				ALWAYS_EMBED_SWIFT_STANDARD_LIBRARIES = YES;
				BUNDLE_LOADER = "$(TEST_HOST)";
				CODE_SIGN_STYLE = Automatic;
				CURRENT_PROJECT_VERSION = 1;
				GENERATE_INFOPLIST_FILE = YES;
				IPHONEOS_DEPLOYMENT_TARGET = 17.5;
				MACOSX_DEPLOYMENT_TARGET = 14.4;
				MARKETING_VERSION = 1.0;
				PRODUCT_BUNDLE_IDENTIFIER = com.jass.MovieListTests;
				PRODUCT_NAME = "$(TARGET_NAME)";
				SDKROOT = auto;
				SUPPORTED_PLATFORMS = "iphoneos iphonesimulator macosx";
				SWIFT_EMIT_LOC_STRINGS = NO;
				SWIFT_VERSION = 5.0;
				TARGETED_DEVICE_FAMILY = "1,2";
				TEST_HOST = "$(BUILT_PRODUCTS_DIR)/MovieList.app/$(BUNDLE_EXECUTABLE_FOLDER_PATH)/MovieList";
			};
			name = Debug;
		};
		48B436CA2C003D4400B38B03 /* Release */ = {
			isa = XCBuildConfiguration;
			buildSettings = {
				ALWAYS_EMBED_SWIFT_STANDARD_LIBRARIES = YES;
				BUNDLE_LOADER = "$(TEST_HOST)";
				CODE_SIGN_STYLE = Automatic;
				CURRENT_PROJECT_VERSION = 1;
				GENERATE_INFOPLIST_FILE = YES;
				IPHONEOS_DEPLOYMENT_TARGET = 17.5;
				MACOSX_DEPLOYMENT_TARGET = 14.4;
				MARKETING_VERSION = 1.0;
				PRODUCT_BUNDLE_IDENTIFIER = com.jass.MovieListTests;
				PRODUCT_NAME = "$(TARGET_NAME)";
				SDKROOT = auto;
				SUPPORTED_PLATFORMS = "iphoneos iphonesimulator macosx";
				SWIFT_EMIT_LOC_STRINGS = NO;
				SWIFT_VERSION = 5.0;
				TARGETED_DEVICE_FAMILY = "1,2";
				TEST_HOST = "$(BUILT_PRODUCTS_DIR)/MovieList.app/$(BUNDLE_EXECUTABLE_FOLDER_PATH)/MovieList";
			};
			name = Release;
		};
		48B436CC2C003D4400B38B03 /* Debug */ = {
			isa = XCBuildConfiguration;
			buildSettings = {
				ALWAYS_EMBED_SWIFT_STANDARD_LIBRARIES = YES;
				CODE_SIGN_STYLE = Automatic;
				CURRENT_PROJECT_VERSION = 1;
				GENERATE_INFOPLIST_FILE = YES;
				IPHONEOS_DEPLOYMENT_TARGET = 17.5;
				MACOSX_DEPLOYMENT_TARGET = 14.4;
				MARKETING_VERSION = 1.0;
				PRODUCT_BUNDLE_IDENTIFIER = com.jass.MovieListUITests;
				PRODUCT_NAME = "$(TARGET_NAME)";
				SDKROOT = auto;
				SUPPORTED_PLATFORMS = "iphoneos iphonesimulator macosx";
				SWIFT_EMIT_LOC_STRINGS = NO;
				SWIFT_VERSION = 5.0;
				TARGETED_DEVICE_FAMILY = "1,2";
				TEST_TARGET_NAME = MovieList;
			};
			name = Debug;
		};
		48B436CD2C003D4400B38B03 /* Release */ = {
			isa = XCBuildConfiguration;
			buildSettings = {
				ALWAYS_EMBED_SWIFT_STANDARD_LIBRARIES = YES;
				CODE_SIGN_STYLE = Automatic;
				CURRENT_PROJECT_VERSION = 1;
				GENERATE_INFOPLIST_FILE = YES;
				IPHONEOS_DEPLOYMENT_TARGET = 17.5;
				MACOSX_DEPLOYMENT_TARGET = 14.4;
				MARKETING_VERSION = 1.0;
				PRODUCT_BUNDLE_IDENTIFIER = com.jass.MovieListUITests;
				PRODUCT_NAME = "$(TARGET_NAME)";
				SDKROOT = auto;
				SUPPORTED_PLATFORMS = "iphoneos iphonesimulator macosx";
				SWIFT_EMIT_LOC_STRINGS = NO;
				SWIFT_VERSION = 5.0;
				TARGETED_DEVICE_FAMILY = "1,2";
				TEST_TARGET_NAME = MovieList;
			};
			name = Release;
		};
/* End XCBuildConfiguration section */

/* Begin XCConfigurationList section */
		48B4369B2C003D4200B38B03 /* Build configuration list for PBXProject "MovieList" */ = {
			isa = XCConfigurationList;
			buildConfigurations = (
				48B436C32C003D4400B38B03 /* Debug */,
				48B436C42C003D4400B38B03 /* Release */,
			);
			defaultConfigurationIsVisible = 0;
			defaultConfigurationName = Release;
		};
		48B436C52C003D4400B38B03 /* Build configuration list for PBXNativeTarget "MovieList" */ = {
			isa = XCConfigurationList;
			buildConfigurations = (
				48B436C62C003D4400B38B03 /* Debug */,
				48B436C72C003D4400B38B03 /* Release */,
			);
			defaultConfigurationIsVisible = 0;
			defaultConfigurationName = Release;
		};
		48B436C82C003D4400B38B03 /* Build configuration list for PBXNativeTarget "MovieListTests" */ = {
			isa = XCConfigurationList;
			buildConfigurations = (
				48B436C92C003D4400B38B03 /* Debug */,
				48B436CA2C003D4400B38B03 /* Release */,
			);
			defaultConfigurationIsVisible = 0;
			defaultConfigurationName = Release;
		};
		48B436CB2C003D4400B38B03 /* Build configuration list for PBXNativeTarget "MovieListUITests" */ = {
			isa = XCConfigurationList;
			buildConfigurations = (
				48B436CC2C003D4400B38B03 /* Debug */,
				48B436CD2C003D4400B38B03 /* Release */,
			);
			defaultConfigurationIsVisible = 0;
			defaultConfigurationName = Release;
		};
/* End XCConfigurationList section */

/* Begin XCRemoteSwiftPackageReference section */
		48B436CE2C0069C900B38B03 /* XCRemoteSwiftPackageReference "Alamofire" */ = {
			isa = XCRemoteSwiftPackageReference;
			repositoryURL = "https://github.com/Alamofire/Alamofire.git";
			requirement = {
				kind = upToNextMajorVersion;
				minimumVersion = 5.9.1;
			};
		};
		48B436D12C006A6000B38B03 /* XCRemoteSwiftPackageReference "SDWebImageSwiftUI" */ = {
			isa = XCRemoteSwiftPackageReference;
			repositoryURL = "https://github.com/SDWebImage/SDWebImageSwiftUI";
			requirement = {
				kind = upToNextMajorVersion;
				minimumVersion = 3.0.4;
			};
		};
/* End XCRemoteSwiftPackageReference section */

/* Begin XCSwiftPackageProductDependency section */
		48B436CF2C0069C900B38B03 /* Alamofire */ = {
			isa = XCSwiftPackageProductDependency;
			package = 48B436CE2C0069C900B38B03 /* XCRemoteSwiftPackageReference "Alamofire" */;
			productName = Alamofire;
		};
		48B436D22C006A6000B38B03 /* SDWebImageSwiftUI */ = {
			isa = XCSwiftPackageProductDependency;
			package = 48B436D12C006A6000B38B03 /* XCRemoteSwiftPackageReference "SDWebImageSwiftUI" */;
			productName = SDWebImageSwiftUI;
		};
/* End XCSwiftPackageProductDependency section */
	};
	rootObject = 48B436982C003D4200B38B03 /* Project object */;
}
